// !$*UTF8*$!
{
	archiveVersion = 1;
	classes = {
	};
	objectVersion = 50;
	objects = {

/* Begin PBXBuildFile section */
		A40B5F5C2519A34300620D93 /* AppDelegate.swift in Sources */ = {isa = PBXBuildFile; fileRef = A40B5F5B2519A34300620D93 /* AppDelegate.swift */; };
		A40B5F5E2519A34300620D93 /* SceneDelegate.swift in Sources */ = {isa = PBXBuildFile; fileRef = A40B5F5D2519A34300620D93 /* SceneDelegate.swift */; };
		A40B5F602519A34300620D93 /* ViewController.swift in Sources */ = {isa = PBXBuildFile; fileRef = A40B5F5F2519A34300620D93 /* ViewController.swift */; };
		A40B5F632519A34300620D93 /* Main.storyboard in Resources */ = {isa = PBXBuildFile; fileRef = A40B5F612519A34300620D93 /* Main.storyboard */; };
		A40B5F652519A34600620D93 /* Assets.xcassets in Resources */ = {isa = PBXBuildFile; fileRef = A40B5F642519A34600620D93 /* Assets.xcassets */; };
		A40B5F682519A34600620D93 /* LaunchScreen.storyboard in Resources */ = {isa = PBXBuildFile; fileRef = A40B5F662519A34600620D93 /* LaunchScreen.storyboard */; };
		A40B5F732519A34600620D93 /* FeelAppTests.swift in Sources */ = {isa = PBXBuildFile; fileRef = A40B5F722519A34600620D93 /* FeelAppTests.swift */; };
		A40B5F7E2519A34600620D93 /* FeelAppUITests.swift in Sources */ = {isa = PBXBuildFile; fileRef = A40B5F7D2519A34600620D93 /* FeelAppUITests.swift */; };
/* End PBXBuildFile section */

/* Begin PBXContainerItemProxy section */
		A40B5F6F2519A34600620D93 /* PBXContainerItemProxy */ = {
			isa = PBXContainerItemProxy;
			containerPortal = A40B5F502519A34300620D93 /* Project object */;
			proxyType = 1;
			remoteGlobalIDString = A40B5F572519A34300620D93;
			remoteInfo = FeelApp;
		};
		A40B5F7A2519A34600620D93 /* PBXContainerItemProxy */ = {
			isa = PBXContainerItemProxy;
			containerPortal = A40B5F502519A34300620D93 /* Project object */;
			proxyType = 1;
			remoteGlobalIDString = A40B5F572519A34300620D93;
			remoteInfo = FeelApp;
		};
/* End PBXContainerItemProxy section */

/* Begin PBXFileReference section */
		A40B5F582519A34300620D93 /* FeelApp.app */ = {isa = PBXFileReference; explicitFileType = wrapper.application; includeInIndex = 0; path = FeelApp.app; sourceTree = BUILT_PRODUCTS_DIR; };
		A40B5F5B2519A34300620D93 /* AppDelegate.swift */ = {isa = PBXFileReference; lastKnownFileType = sourcecode.swift; path = AppDelegate.swift; sourceTree = "<group>"; };
		A40B5F5D2519A34300620D93 /* SceneDelegate.swift */ = {isa = PBXFileReference; lastKnownFileType = sourcecode.swift; path = SceneDelegate.swift; sourceTree = "<group>"; };
		A40B5F5F2519A34300620D93 /* ViewController.swift */ = {isa = PBXFileReference; lastKnownFileType = sourcecode.swift; path = ViewController.swift; sourceTree = "<group>"; };
		A40B5F622519A34300620D93 /* Base */ = {isa = PBXFileReference; lastKnownFileType = file.storyboard; name = Base; path = Base.lproj/Main.storyboard; sourceTree = "<group>"; };
		A40B5F642519A34600620D93 /* Assets.xcassets */ = {isa = PBXFileReference; lastKnownFileType = folder.assetcatalog; path = Assets.xcassets; sourceTree = "<group>"; };
		A40B5F672519A34600620D93 /* Base */ = {isa = PBXFileReference; lastKnownFileType = file.storyboard; name = Base; path = Base.lproj/LaunchScreen.storyboard; sourceTree = "<group>"; };
		A40B5F692519A34600620D93 /* Info.plist */ = {isa = PBXFileReference; lastKnownFileType = text.plist.xml; path = Info.plist; sourceTree = "<group>"; };
		A40B5F6E2519A34600620D93 /* FeelAppTests.xctest */ = {isa = PBXFileReference; explicitFileType = wrapper.cfbundle; includeInIndex = 0; path = FeelAppTests.xctest; sourceTree = BUILT_PRODUCTS_DIR; };
		A40B5F722519A34600620D93 /* FeelAppTests.swift */ = {isa = PBXFileReference; lastKnownFileType = sourcecode.swift; path = FeelAppTests.swift; sourceTree = "<group>"; };
		A40B5F742519A34600620D93 /* Info.plist */ = {isa = PBXFileReference; lastKnownFileType = text.plist.xml; path = Info.plist; sourceTree = "<group>"; };
		A40B5F792519A34600620D93 /* FeelAppUITests.xctest */ = {isa = PBXFileReference; explicitFileType = wrapper.cfbundle; includeInIndex = 0; path = FeelAppUITests.xctest; sourceTree = BUILT_PRODUCTS_DIR; };
		A40B5F7D2519A34600620D93 /* FeelAppUITests.swift */ = {isa = PBXFileReference; lastKnownFileType = sourcecode.swift; path = FeelAppUITests.swift; sourceTree = "<group>"; };
		A40B5F7F2519A34600620D93 /* Info.plist */ = {isa = PBXFileReference; lastKnownFileType = text.plist.xml; path = Info.plist; sourceTree = "<group>"; };
/* End PBXFileReference section */

/* Begin PBXFrameworksBuildPhase section */
		A40B5F552519A34300620D93 /* Frameworks */ = {
			isa = PBXFrameworksBuildPhase;
			buildActionMask = 2147483647;
			files = (
			);
			runOnlyForDeploymentPostprocessing = 0;
		};
		A40B5F6B2519A34600620D93 /* Frameworks */ = {
			isa = PBXFrameworksBuildPhase;
			buildActionMask = 2147483647;
			files = (
			);
			runOnlyForDeploymentPostprocessing = 0;
		};
		A40B5F762519A34600620D93 /* Frameworks */ = {
			isa = PBXFrameworksBuildPhase;
			buildActionMask = 2147483647;
			files = (
			);
			runOnlyForDeploymentPostprocessing = 0;
		};
/* End PBXFrameworksBuildPhase section */

/* Begin PBXGroup section */
		A40B5F4F2519A34300620D93 = {
			isa = PBXGroup;
			children = (
				A40B5F5A2519A34300620D93 /* FeelApp */,
				A40B5F712519A34600620D93 /* FeelAppTests */,
				A40B5F7C2519A34600620D93 /* FeelAppUITests */,
				A40B5F592519A34300620D93 /* Products */,
			);
			sourceTree = "<group>";
		};
		A40B5F592519A34300620D93 /* Products */ = {
			isa = PBXGroup;
			children = (
				A40B5F582519A34300620D93 /* FeelApp.app */,
				A40B5F6E2519A34600620D93 /* FeelAppTests.xctest */,
				A40B5F792519A34600620D93 /* FeelAppUITests.xctest */,
			);
			name = Products;
			sourceTree = "<group>";
		};
		A40B5F5A2519A34300620D93 /* FeelApp */ = {
			isa = PBXGroup;
			children = (
				A40B5F5B2519A34300620D93 /* AppDelegate.swift */,
				A40B5F5D2519A34300620D93 /* SceneDelegate.swift */,
				A40B5F5F2519A34300620D93 /* ViewController.swift */,
				A40B5F612519A34300620D93 /* Main.storyboard */,
				A40B5F642519A34600620D93 /* Assets.xcassets */,
				A40B5F662519A34600620D93 /* LaunchScreen.storyboard */,
				A40B5F692519A34600620D93 /* Info.plist */,
			);
			path = FeelApp;
			sourceTree = "<group>";
		};
		A40B5F712519A34600620D93 /* FeelAppTests */ = {
			isa = PBXGroup;
			children = (
				A40B5F722519A34600620D93 /* FeelAppTests.swift */,
				A40B5F742519A34600620D93 /* Info.plist */,
			);
			path = FeelAppTests;
			sourceTree = "<group>";
		};
		A40B5F7C2519A34600620D93 /* FeelAppUITests */ = {
			isa = PBXGroup;
			children = (
				A40B5F7D2519A34600620D93 /* FeelAppUITests.swift */,
				A40B5F7F2519A34600620D93 /* Info.plist */,
			);
			path = FeelAppUITests;
			sourceTree = "<group>";
		};
/* End PBXGroup section */

/* Begin PBXNativeTarget section */
		A40B5F572519A34300620D93 /* FeelApp */ = {
			isa = PBXNativeTarget;
			buildConfigurationList = A40B5F822519A34600620D93 /* Build configuration list for PBXNativeTarget "FeelApp" */;
			buildPhases = (
				A40B5F542519A34300620D93 /* Sources */,
				A40B5F552519A34300620D93 /* Frameworks */,
				A40B5F562519A34300620D93 /* Resources */,
			);
			buildRules = (
			);
			dependencies = (
			);
			name = FeelApp;
			productName = FeelApp;
			productReference = A40B5F582519A34300620D93 /* FeelApp.app */;
			productType = "com.apple.product-type.application";
		};
		A40B5F6D2519A34600620D93 /* FeelAppTests */ = {
			isa = PBXNativeTarget;
			buildConfigurationList = A40B5F852519A34600620D93 /* Build configuration list for PBXNativeTarget "FeelAppTests" */;
			buildPhases = (
				A40B5F6A2519A34600620D93 /* Sources */,
				A40B5F6B2519A34600620D93 /* Frameworks */,
				A40B5F6C2519A34600620D93 /* Resources */,
			);
			buildRules = (
			);
			dependencies = (
				A40B5F702519A34600620D93 /* PBXTargetDependency */,
			);
			name = FeelAppTests;
			productName = FeelAppTests;
			productReference = A40B5F6E2519A34600620D93 /* FeelAppTests.xctest */;
			productType = "com.apple.product-type.bundle.unit-test";
		};
		A40B5F782519A34600620D93 /* FeelAppUITests */ = {
			isa = PBXNativeTarget;
			buildConfigurationList = A40B5F882519A34600620D93 /* Build configuration list for PBXNativeTarget "FeelAppUITests" */;
			buildPhases = (
				A40B5F752519A34600620D93 /* Sources */,
				A40B5F762519A34600620D93 /* Frameworks */,
				A40B5F772519A34600620D93 /* Resources */,
			);
			buildRules = (
			);
			dependencies = (
				A40B5F7B2519A34600620D93 /* PBXTargetDependency */,
			);
			name = FeelAppUITests;
			productName = FeelAppUITests;
			productReference = A40B5F792519A34600620D93 /* FeelAppUITests.xctest */;
			productType = "com.apple.product-type.bundle.ui-testing";
		};
/* End PBXNativeTarget section */

/* Begin PBXProject section */
		A40B5F502519A34300620D93 /* Project object */ = {
			isa = PBXProject;
			attributes = {
				LastSwiftUpdateCheck = 1200;
				LastUpgradeCheck = 1200;
				TargetAttributes = {
					A40B5F572519A34300620D93 = {
						CreatedOnToolsVersion = 12.0;
					};
					A40B5F6D2519A34600620D93 = {
						CreatedOnToolsVersion = 12.0;
						TestTargetID = A40B5F572519A34300620D93;
					};
					A40B5F782519A34600620D93 = {
						CreatedOnToolsVersion = 12.0;
						TestTargetID = A40B5F572519A34300620D93;
					};
				};
			};
			buildConfigurationList = A40B5F532519A34300620D93 /* Build configuration list for PBXProject "FeelApp" */;
			compatibilityVersion = "Xcode 9.3";
			developmentRegion = en;
			hasScannedForEncodings = 0;
			knownRegions = (
				en,
				Base,
			);
			mainGroup = A40B5F4F2519A34300620D93;
			productRefGroup = A40B5F592519A34300620D93 /* Products */;
			projectDirPath = "";
			projectRoot = "";
			targets = (
				A40B5F572519A34300620D93 /* FeelApp */,
				A40B5F6D2519A34600620D93 /* FeelAppTests */,
				A40B5F782519A34600620D93 /* FeelAppUITests */,
			);
		};
/* End PBXProject section */

/* Begin PBXResourcesBuildPhase section */
		A40B5F562519A34300620D93 /* Resources */ = {
			isa = PBXResourcesBuildPhase;
			buildActionMask = 2147483647;
			files = (
				A40B5F682519A34600620D93 /* LaunchScreen.storyboard in Resources */,
				A40B5F652519A34600620D93 /* Assets.xcassets in Resources */,
				A40B5F632519A34300620D93 /* Main.storyboard in Resources */,
			);
			runOnlyForDeploymentPostprocessing = 0;
		};
		A40B5F6C2519A34600620D93 /* Resources */ = {
			isa = PBXResourcesBuildPhase;
			buildActionMask = 2147483647;
			files = (
			);
			runOnlyForDeploymentPostprocessing = 0;
		};
		A40B5F772519A34600620D93 /* Resources */ = {
			isa = PBXResourcesBuildPhase;
			buildActionMask = 2147483647;
			files = (
			);
			runOnlyForDeploymentPostprocessing = 0;
		};
/* End PBXResourcesBuildPhase section */

/* Begin PBXSourcesBuildPhase section */
		A40B5F542519A34300620D93 /* Sources */ = {
			isa = PBXSourcesBuildPhase;
			buildActionMask = 2147483647;
			files = (
				A40B5F602519A34300620D93 /* ViewController.swift in Sources */,
				A40B5F5C2519A34300620D93 /* AppDelegate.swift in Sources */,
				A40B5F5E2519A34300620D93 /* SceneDelegate.swift in Sources */,
			);
			runOnlyForDeploymentPostprocessing = 0;
		};
		A40B5F6A2519A34600620D93 /* Sources */ = {
			isa = PBXSourcesBuildPhase;
			buildActionMask = 2147483647;
			files = (
				A40B5F732519A34600620D93 /* FeelAppTests.swift in Sources */,
			);
			runOnlyForDeploymentPostprocessing = 0;
		};
		A40B5F752519A34600620D93 /* Sources */ = {
			isa = PBXSourcesBuildPhase;
			buildActionMask = 2147483647;
			files = (
				A40B5F7E2519A34600620D93 /* FeelAppUITests.swift in Sources */,
			);
			runOnlyForDeploymentPostprocessing = 0;
		};
/* End PBXSourcesBuildPhase section */

/* Begin PBXTargetDependency section */
		A40B5F702519A34600620D93 /* PBXTargetDependency */ = {
			isa = PBXTargetDependency;
			target = A40B5F572519A34300620D93 /* FeelApp */;
			targetProxy = A40B5F6F2519A34600620D93 /* PBXContainerItemProxy */;
		};
		A40B5F7B2519A34600620D93 /* PBXTargetDependency */ = {
			isa = PBXTargetDependency;
			target = A40B5F572519A34300620D93 /* FeelApp */;
			targetProxy = A40B5F7A2519A34600620D93 /* PBXContainerItemProxy */;
		};
/* End PBXTargetDependency section */

/* Begin PBXVariantGroup section */
		A40B5F612519A34300620D93 /* Main.storyboard */ = {
			isa = PBXVariantGroup;
			children = (
				A40B5F622519A34300620D93 /* Base */,
			);
			name = Main.storyboard;
			sourceTree = "<group>";
		};
		A40B5F662519A34600620D93 /* LaunchScreen.storyboard */ = {
			isa = PBXVariantGroup;
			children = (
				A40B5F672519A34600620D93 /* Base */,
			);
			name = LaunchScreen.storyboard;
			sourceTree = "<group>";
		};
/* End PBXVariantGroup section */

/* Begin XCBuildConfiguration section */
		A40B5F802519A34600620D93 /* Debug */ = {
			isa = XCBuildConfiguration;
			buildSettings = {
				ALWAYS_SEARCH_USER_PATHS = NO;
				CLANG_ANALYZER_NONNULL = YES;
				CLANG_ANALYZER_NUMBER_OBJECT_CONVERSION = YES_AGGRESSIVE;
				CLANG_CXX_LANGUAGE_STANDARD = "gnu++14";
				CLANG_CXX_LIBRARY = "libc++";
				CLANG_ENABLE_MODULES = YES;
				CLANG_ENABLE_OBJC_ARC = YES;
				CLANG_ENABLE_OBJC_WEAK = YES;
				CLANG_WARN_BLOCK_CAPTURE_AUTORELEASING = YES;
				CLANG_WARN_BOOL_CONVERSION = YES;
				CLANG_WARN_COMMA = YES;
				CLANG_WARN_CONSTANT_CONVERSION = YES;
				CLANG_WARN_DEPRECATED_OBJC_IMPLEMENTATIONS = YES;
				CLANG_WARN_DIRECT_OBJC_ISA_USAGE = YES_ERROR;
				CLANG_WARN_DOCUMENTATION_COMMENTS = YES;
				CLANG_WARN_EMPTY_BODY = YES;
				CLANG_WARN_ENUM_CONVERSION = YES;
				CLANG_WARN_INFINITE_RECURSION = YES;
				CLANG_WARN_INT_CONVERSION = YES;
				CLANG_WARN_NON_LITERAL_NULL_CONVERSION = YES;
				CLANG_WARN_OBJC_IMPLICIT_RETAIN_SELF = YES;
				CLANG_WARN_OBJC_LITERAL_CONVERSION = YES;
				CLANG_WARN_OBJC_ROOT_CLASS = YES_ERROR;
				CLANG_WARN_QUOTED_INCLUDE_IN_FRAMEWORK_HEADER = YES;
				CLANG_WARN_RANGE_LOOP_ANALYSIS = YES;
				CLANG_WARN_STRICT_PROTOTYPES = YES;
				CLANG_WARN_SUSPICIOUS_MOVE = YES;
				CLANG_WARN_UNGUARDED_AVAILABILITY = YES_AGGRESSIVE;
				CLANG_WARN_UNREACHABLE_CODE = YES;
				CLANG_WARN__DUPLICATE_METHOD_MATCH = YES;
				COPY_PHASE_STRIP = NO;
				DEBUG_INFORMATION_FORMAT = dwarf;
				ENABLE_STRICT_OBJC_MSGSEND = YES;
				ENABLE_TESTABILITY = YES;
				GCC_C_LANGUAGE_STANDARD = gnu11;
				GCC_DYNAMIC_NO_PIC = NO;
				GCC_NO_COMMON_BLOCKS = YES;
				GCC_OPTIMIZATION_LEVEL = 0;
				GCC_PREPROCESSOR_DEFINITIONS = (
					"DEBUG=1",
					"$(inherited)",
				);
				GCC_WARN_64_TO_32_BIT_CONVERSION = YES;
				GCC_WARN_ABOUT_RETURN_TYPE = YES_ERROR;
				GCC_WARN_UNDECLARED_SELECTOR = YES;
				GCC_WARN_UNINITIALIZED_AUTOS = YES_AGGRESSIVE;
				GCC_WARN_UNUSED_FUNCTION = YES;
				GCC_WARN_UNUSED_VARIABLE = YES;
				IPHONEOS_DEPLOYMENT_TARGET = 14.0;
				MTL_ENABLE_DEBUG_INFO = INCLUDE_SOURCE;
				MTL_FAST_MATH = YES;
				ONLY_ACTIVE_ARCH = YES;
				SDKROOT = iphoneos;
				SWIFT_ACTIVE_COMPILATION_CONDITIONS = DEBUG;
				SWIFT_OPTIMIZATION_LEVEL = "-Onone";
			};
			name = Debug;
		};
		A40B5F812519A34600620D93 /* Release */ = {
			isa = XCBuildConfiguration;
			buildSettings = {
				ALWAYS_SEARCH_USER_PATHS = NO;
				CLANG_ANALYZER_NONNULL = YES;
				CLANG_ANALYZER_NUMBER_OBJECT_CONVERSION = YES_AGGRESSIVE;
				CLANG_CXX_LANGUAGE_STANDARD = "gnu++14";
				CLANG_CXX_LIBRARY = "libc++";
				CLANG_ENABLE_MODULES = YES;
				CLANG_ENABLE_OBJC_ARC = YES;
				CLANG_ENABLE_OBJC_WEAK = YES;
				CLANG_WARN_BLOCK_CAPTURE_AUTORELEASING = YES;
				CLANG_WARN_BOOL_CONVERSION = YES;
				CLANG_WARN_COMMA = YES;
				CLANG_WARN_CONSTANT_CONVERSION = YES;
				CLANG_WARN_DEPRECATED_OBJC_IMPLEMENTATIONS = YES;
				CLANG_WARN_DIRECT_OBJC_ISA_USAGE = YES_ERROR;
				CLANG_WARN_DOCUMENTATION_COMMENTS = YES;
				CLANG_WARN_EMPTY_BODY = YES;
				CLANG_WARN_ENUM_CONVERSION = YES;
				CLANG_WARN_INFINITE_RECURSION = YES;
				CLANG_WARN_INT_CONVERSION = YES;
				CLANG_WARN_NON_LITERAL_NULL_CONVERSION = YES;
				CLANG_WARN_OBJC_IMPLICIT_RETAIN_SELF = YES;
				CLANG_WARN_OBJC_LITERAL_CONVERSION = YES;
				CLANG_WARN_OBJC_ROOT_CLASS = YES_ERROR;
				CLANG_WARN_QUOTED_INCLUDE_IN_FRAMEWORK_HEADER = YES;
				CLANG_WARN_RANGE_LOOP_ANALYSIS = YES;
				CLANG_WARN_STRICT_PROTOTYPES = YES;
				CLANG_WARN_SUSPICIOUS_MOVE = YES;
				CLANG_WARN_UNGUARDED_AVAILABILITY = YES_AGGRESSIVE;
				CLANG_WARN_UNREACHABLE_CODE = YES;
				CLANG_WARN__DUPLICATE_METHOD_MATCH = YES;
				COPY_PHASE_STRIP = NO;
				DEBUG_INFORMATION_FORMAT = "dwarf-with-dsym";
				ENABLE_NS_ASSERTIONS = NO;
				ENABLE_STRICT_OBJC_MSGSEND = YES;
				GCC_C_LANGUAGE_STANDARD = gnu11;
				GCC_NO_COMMON_BLOCKS = YES;
				GCC_WARN_64_TO_32_BIT_CONVERSION = YES;
				GCC_WARN_ABOUT_RETURN_TYPE = YES_ERROR;
				GCC_WARN_UNDECLARED_SELECTOR = YES;
				GCC_WARN_UNINITIALIZED_AUTOS = YES_AGGRESSIVE;
				GCC_WARN_UNUSED_FUNCTION = YES;
				GCC_WARN_UNUSED_VARIABLE = YES;
				IPHONEOS_DEPLOYMENT_TARGET = 14.0;
				MTL_ENABLE_DEBUG_INFO = NO;
				MTL_FAST_MATH = YES;
				SDKROOT = iphoneos;
				SWIFT_COMPILATION_MODE = wholemodule;
				SWIFT_OPTIMIZATION_LEVEL = "-O";
				VALIDATE_PRODUCT = YES;
			};
			name = Release;
		};
		A40B5F832519A34600620D93 /* Debug */ = {
			isa = XCBuildConfiguration;
			buildSettings = {
				ASSETCATALOG_COMPILER_APPICON_NAME = AppIcon;
				ASSETCATALOG_COMPILER_GLOBAL_ACCENT_COLOR_NAME = AccentColor;
				CODE_SIGN_STYLE = Automatic;
				DEVELOPMENT_TEAM = 8HSC6WJMH6;
				INFOPLIST_FILE = FeelApp/Info.plist;
				LD_RUNPATH_SEARCH_PATHS = (
					"$(inherited)",
					"@executable_path/Frameworks",
				);
				PRODUCT_BUNDLE_IDENTIFIER = jp.techacademy.kazuma.miura2.FeelApp;
				PRODUCT_NAME = "$(TARGET_NAME)";
				SWIFT_VERSION = 5.0;
				TARGETED_DEVICE_FAMILY = "1,2";
			};
			name = Debug;
		};
		A40B5F842519A34600620D93 /* Release */ = {
			isa = XCBuildConfiguration;
			buildSettings = {
				ASSETCATALOG_COMPILER_APPICON_NAME = AppIcon;
				ASSETCATALOG_COMPILER_GLOBAL_ACCENT_COLOR_NAME = AccentColor;
				CODE_SIGN_STYLE = Automatic;
				DEVELOPMENT_TEAM = 8HSC6WJMH6;
				INFOPLIST_FILE = FeelApp/Info.plist;
				LD_RUNPATH_SEARCH_PATHS = (
					"$(inherited)",
					"@executable_path/Frameworks",
				);
				PRODUCT_BUNDLE_IDENTIFIER = jp.techacademy.kazuma.miura2.FeelApp;
				PRODUCT_NAME = "$(TARGET_NAME)";
				SWIFT_VERSION = 5.0;
				TARGETED_DEVICE_FAMILY = "1,2";
			};
			name = Release;
		};
		A40B5F862519A34600620D93 /* Debug */ = {
			isa = XCBuildConfiguration;
			buildSettings = {
				ALWAYS_EMBED_SWIFT_STANDARD_LIBRARIES = YES;
				BUNDLE_LOADER = "$(TEST_HOST)";
				CODE_SIGN_STYLE = Automatic;
				DEVELOPMENT_TEAM = 8HSC6WJMH6;
				INFOPLIST_FILE = FeelAppTests/Info.plist;
				IPHONEOS_DEPLOYMENT_TARGET = 14.0;
				LD_RUNPATH_SEARCH_PATHS = (
					"$(inherited)",
					"@executable_path/Frameworks",
					"@loader_path/Frameworks",
				);
				PRODUCT_BUNDLE_IDENTIFIER = jp.techacademy.kazuma.miura2.FeelAppTests;
				PRODUCT_NAME = "$(TARGET_NAME)";
				SWIFT_VERSION = 5.0;
				TARGETED_DEVICE_FAMILY = "1,2";
				TEST_HOST = "$(BUILT_PRODUCTS_DIR)/FeelApp.app/FeelApp";
			};
			name = Debug;
		};
		A40B5F872519A34600620D93 /* Release */ = {
			isa = XCBuildConfiguration;
			buildSettings = {
				ALWAYS_EMBED_SWIFT_STANDARD_LIBRARIES = YES;
				BUNDLE_LOADER = "$(TEST_HOST)";
				CODE_SIGN_STYLE = Automatic;
				DEVELOPMENT_TEAM = 8HSC6WJMH6;
				INFOPLIST_FILE = FeelAppTests/Info.plist;
				IPHONEOS_DEPLOYMENT_TARGET = 14.0;
				LD_RUNPATH_SEARCH_PATHS = (
					"$(inherited)",
					"@executable_path/Frameworks",
					"@loader_path/Frameworks",
				);
				PRODUCT_BUNDLE_IDENTIFIER = jp.techacademy.kazuma.miura2.FeelAppTests;
				PRODUCT_NAME = "$(TARGET_NAME)";
				SWIFT_VERSION = 5.0;
				TARGETED_DEVICE_FAMILY = "1,2";
				TEST_HOST = "$(BUILT_PRODUCTS_DIR)/FeelApp.app/FeelApp";
			};
			name = Release;
		};
		A40B5F892519A34600620D93 /* Debug */ = {
			isa = XCBuildConfiguration;
			buildSettings = {
				ALWAYS_EMBED_SWIFT_STANDARD_LIBRARIES = YES;
				CODE_SIGN_STYLE = Automatic;
				DEVELOPMENT_TEAM = 8HSC6WJMH6;
				INFOPLIST_FILE = FeelAppUITests/Info.plist;
				LD_RUNPATH_SEARCH_PATHS = (
					"$(inherited)",
					"@executable_path/Frameworks",
					"@loader_path/Frameworks",
				);
				PRODUCT_BUNDLE_IDENTIFIER = jp.techacademy.kazuma.miura2.FeelAppUITests;
				PRODUCT_NAME = "$(TARGET_NAME)";
				SWIFT_VERSION = 5.0;
				TARGETED_DEVICE_FAMILY = "1,2";
				TEST_TARGET_NAME = FeelApp;
			};
			name = Debug;
		};
		A40B5F8A2519A34600620D93 /* Release */ = {
			isa = XCBuildConfiguration;
			buildSettings = {
				ALWAYS_EMBED_SWIFT_STANDARD_LIBRARIES = YES;
				CODE_SIGN_STYLE = Automatic;
				DEVELOPMENT_TEAM = 8HSC6WJMH6;
				INFOPLIST_FILE = FeelAppUITests/Info.plist;
				LD_RUNPATH_SEARCH_PATHS = (
					"$(inherited)",
					"@executable_path/Frameworks",
					"@loader_path/Frameworks",
				);
				PRODUCT_BUNDLE_IDENTIFIER = jp.techacademy.kazuma.miura2.FeelAppUITests;
				PRODUCT_NAME = "$(TARGET_NAME)";
				SWIFT_VERSION = 5.0;
				TARGETED_DEVICE_FAMILY = "1,2";
				TEST_TARGET_NAME = FeelApp;
			};
			name = Release;
		};
/* End XCBuildConfiguration section */

/* Begin XCConfigurationList section */
		A40B5F532519A34300620D93 /* Build configuration list for PBXProject "FeelApp" */ = {
			isa = XCConfigurationList;
			buildConfigurations = (
				A40B5F802519A34600620D93 /* Debug */,
				A40B5F812519A34600620D93 /* Release */,
			);
			defaultConfigurationIsVisible = 0;
			defaultConfigurationName = Release;
		};
		A40B5F822519A34600620D93 /* Build configuration list for PBXNativeTarget "FeelApp" */ = {
			isa = XCConfigurationList;
			buildConfigurations = (
				A40B5F832519A34600620D93 /* Debug */,
				A40B5F842519A34600620D93 /* Release */,
			);
			defaultConfigurationIsVisible = 0;
			defaultConfigurationName = Release;
		};
		A40B5F852519A34600620D93 /* Build configuration list for PBXNativeTarget "FeelAppTests" */ = {
			isa = XCConfigurationList;
			buildConfigurations = (
				A40B5F862519A34600620D93 /* Debug */,
				A40B5F872519A34600620D93 /* Release */,
			);
			defaultConfigurationIsVisible = 0;
			defaultConfigurationName = Release;
		};
		A40B5F882519A34600620D93 /* Build configuration list for PBXNativeTarget "FeelAppUITests" */ = {
			isa = XCConfigurationList;
			buildConfigurations = (
				A40B5F892519A34600620D93 /* Debug */,
				A40B5F8A2519A34600620D93 /* Release */,
			);
			defaultConfigurationIsVisible = 0;
			defaultConfigurationName = Release;
		};
/* End XCConfigurationList section */
	};
	rootObject = A40B5F502519A34300620D93 /* Project object */;
}
